schema: '2.0'
stages:
  preprocess:
    cmd: python src/preprocess.py zomato_df_final_data.csv 
      data/processed/preprocessed.csv
    deps:
    - path: src/preprocess.py
      hash: md5
      md5: c6d83ee67a515eb004bd947d98251401
      size: 461
    - path: zomato_df_final_data.csv
      hash: md5
      md5: 6bb696eac5889d15f134cee5ff09eb5d
      size: 2690897
    outs:
    - path: data/processed/preprocessed.csv
      hash: md5
      md5: 1376bd243fa4315011589282c8a231d1
      size: 1833752
  feature_engineering:
    cmd: python src/feature_engineering.py data/processed/preprocessed.csv 
      data/processed/features.csv
    deps:
    - path: data/processed/preprocessed.csv
      hash: md5
      md5: 1376bd243fa4315011589282c8a231d1
      size: 1833752
    - path: src/feature_engineering.py
      hash: md5
      md5: 85d9e77f24bf74ff7453b726b3a595f9
      size: 589
    outs:
    - path: data/processed/features.csv
      hash: md5
      md5: af4566ca064abb25340eee3ea29dd078
      size: 1942276
  regression:
    cmd: python src/regression.py data/processed/features.csv 
      models/regression_model.pkl
    deps:
    - path: data/processed/features.csv
      hash: md5
      md5: af4566ca064abb25340eee3ea29dd078
      size: 1942276
    - path: src/regression.py
      hash: md5
      md5: 775317c096b21a145d800761aa02c2a5
      size: 746
    outs:
    - path: models/regression_model.pkl
      hash: md5
      md5: 8b90ad783484fc269931885090e3913d
      size: 654
  classification:
    cmd: python src/classification.py data/processed/features.csv 
      models/classification_model.pkl
    deps:
    - path: data/processed/features.csv
      hash: md5
      md5: af4566ca064abb25340eee3ea29dd078
      size: 1942276
    - path: src/classification.py
      hash: md5
      md5: 8328fd2b46c6760341d1ddd3bb3c4bea
      size: 1143
    outs:
    - path: models/classification_model.pkl
      hash: md5
      md5: 64f06c1cf6fffde6da18c5763216765b
      size: 902
  evaluate:
    cmd: python src/evaluate.py models/regression_model.pkl 
      models/classification_model.pkl data/processed/features.csv 
      reports/metrics.json
    deps:
    - path: data/processed/features.csv
      hash: md5
      md5: af4566ca064abb25340eee3ea29dd078
      size: 1942276
    - path: models/classification_model.pkl
      hash: md5
      md5: 64f06c1cf6fffde6da18c5763216765b
      size: 902
    - path: models/regression_model.pkl
      hash: md5
      md5: 8b90ad783484fc269931885090e3913d
      size: 654
    - path: src/evaluate.py
      hash: md5
      md5: 73f46e7edf55e0ac0b1a5bf86271e664
      size: 1280
    outs:
    - path: reports/metrics.json
      hash: md5
      md5: c7ef16be84182e24d994b1b1e25d3fcf
      size: 95
